// !$*UTF8*$!
{
	archiveVersion = 1;
	classes = {
	};
	objectVersion = 77;
	objects = {

/* Begin PBXContainerItemProxy section */
		A2E286C72D5CFDB200FCFEEB /* PBXContainerItemProxy */ = {
			isa = PBXContainerItemProxy;
			containerPortal = A2E286AE2D5CFDB000FCFEEB /* Project object */;
			proxyType = 1;
			remoteGlobalIDString = A2E286B52D5CFDB000FCFEEB;
			remoteInfo = Student_management_system;
		};
		A2E286D12D5CFDB200FCFEEB /* PBXContainerItemProxy */ = {
			isa = PBXContainerItemProxy;
			containerPortal = A2E286AE2D5CFDB000FCFEEB /* Project object */;
			proxyType = 1;
			remoteGlobalIDString = A2E286B52D5CFDB000FCFEEB;
			remoteInfo = Student_management_system;
		};
/* End PBXContainerItemProxy section */

/* Begin PBXFileReference section */
		A2E286B62D5CFDB000FCFEEB /* Student_management_system.app */ = {isa = PBXFileReference; explicitFileType = wrapper.application; includeInIndex = 0; path = Student_management_system.app; sourceTree = BUILT_PRODUCTS_DIR; };
		A2E286C62D5CFDB200FCFEEB /* Student_management_systemTests.xctest */ = {isa = PBXFileReference; explicitFileType = wrapper.cfbundle; includeInIndex = 0; path = Student_management_systemTests.xctest; sourceTree = BUILT_PRODUCTS_DIR; };
		A2E286D02D5CFDB200FCFEEB /* Student_management_systemUITests.xctest */ = {isa = PBXFileReference; explicitFileType = wrapper.cfbundle; includeInIndex = 0; path = Student_management_systemUITests.xctest; sourceTree = BUILT_PRODUCTS_DIR; };
/* End PBXFileReference section */

/* Begin PBXFileSystemSynchronizedRootGroup section */
		A2E286B82D5CFDB000FCFEEB /* Student_management_system */ = {
			isa = PBXFileSystemSynchronizedRootGroup;
			path = Student_management_system;
			sourceTree = "<group>";
		};
		A2E286C92D5CFDB200FCFEEB /* Student_management_systemTests */ = {
			isa = PBXFileSystemSynchronizedRootGroup;
			path = Student_management_systemTests;
			sourceTree = "<group>";
		};
		A2E286D32D5CFDB200FCFEEB /* Student_management_systemUITests */ = {
			isa = PBXFileSystemSynchronizedRootGroup;
			path = Student_management_systemUITests;
			sourceTree = "<group>";
		};
/* End PBXFileSystemSynchronizedRootGroup section */

/* Begin PBXFrameworksBuildPhase section */
		A2E286B32D5CFDB000FCFEEB /* Frameworks */ = {
			isa = PBXFrameworksBuildPhase;
			buildActionMask = 2147483647;
			files = (
			);
			runOnlyForDeploymentPostprocessing = 0;
		};
		A2E286C32D5CFDB200FCFEEB /* Frameworks */ = {
			isa = PBXFrameworksBuildPhase;
			buildActionMask = 2147483647;
			files = (
			);
			runOnlyForDeploymentPostprocessing = 0;
		};
		A2E286CD2D5CFDB200FCFEEB /* Frameworks */ = {
			isa = PBXFrameworksBuildPhase;
			buildActionMask = 2147483647;
			files = (
			);
			runOnlyForDeploymentPostprocessing = 0;
		};
/* End PBXFrameworksBuildPhase section */

/* Begin PBXGroup section */
		A2E286AD2D5CFDB000FCFEEB = {
			isa = PBXGroup;
			children = (
				A2E286B82D5CFDB000FCFEEB /* Student_management_system */,
				A2E286C92D5CFDB200FCFEEB /* Student_management_systemTests */,
				A2E286D32D5CFDB200FCFEEB /* Student_management_systemUITests */,
				A2E286B72D5CFDB000FCFEEB /* Products */,
			);
			sourceTree = "<group>";
		};
		A2E286B72D5CFDB000FCFEEB /* Products */ = {
			isa = PBXGroup;
			children = (
				A2E286B62D5CFDB000FCFEEB /* Student_management_system.app */,
				A2E286C62D5CFDB200FCFEEB /* Student_management_systemTests.xctest */,
				A2E286D02D5CFDB200FCFEEB /* Student_management_systemUITests.xctest */,
			);
			name = Products;
			sourceTree = "<group>";
		};
/* End PBXGroup section */

/* Begin PBXNativeTarget section */
		A2E286B52D5CFDB000FCFEEB /* Student_management_system */ = {
			isa = PBXNativeTarget;
			buildConfigurationList = A2E286DA2D5CFDB200FCFEEB /* Build configuration list for PBXNativeTarget "Student_management_system" */;
			buildPhases = (
				A2E286B22D5CFDB000FCFEEB /* Sources */,
				A2E286B32D5CFDB000FCFEEB /* Frameworks */,
				A2E286B42D5CFDB000FCFEEB /* Resources */,
			);
			buildRules = (
			);
			dependencies = (
			);
			fileSystemSynchronizedGroups = (
				A2E286B82D5CFDB000FCFEEB /* Student_management_system */,
			);
			name = Student_management_system;
			packageProductDependencies = (
			);
			productName = Student_management_system;
			productReference = A2E286B62D5CFDB000FCFEEB /* Student_management_system.app */;
			productType = "com.apple.product-type.application";
		};
		A2E286C52D5CFDB200FCFEEB /* Student_management_systemTests */ = {
			isa = PBXNativeTarget;
			buildConfigurationList = A2E286DD2D5CFDB200FCFEEB /* Build configuration list for PBXNativeTarget "Student_management_systemTests" */;
			buildPhases = (
				A2E286C22D5CFDB200FCFEEB /* Sources */,
				A2E286C32D5CFDB200FCFEEB /* Frameworks */,
				A2E286C42D5CFDB200FCFEEB /* Resources */,
			);
			buildRules = (
			);
			dependencies = (
				A2E286C82D5CFDB200FCFEEB /* PBXTargetDependency */,
			);
			fileSystemSynchronizedGroups = (
				A2E286C92D5CFDB200FCFEEB /* Student_management_systemTests */,
			);
			name = Student_management_systemTests;
			packageProductDependencies = (
			);
			productName = Student_management_systemTests;
			productReference = A2E286C62D5CFDB200FCFEEB /* Student_management_systemTests.xctest */;
			productType = "com.apple.product-type.bundle.unit-test";
		};
		A2E286CF2D5CFDB200FCFEEB /* Student_management_systemUITests */ = {
			isa = PBXNativeTarget;
			buildConfigurationList = A2E286E02D5CFDB200FCFEEB /* Build configuration list for PBXNativeTarget "Student_management_systemUITests" */;
			buildPhases = (
				A2E286CC2D5CFDB200FCFEEB /* Sources */,
				A2E286CD2D5CFDB200FCFEEB /* Frameworks */,
				A2E286CE2D5CFDB200FCFEEB /* Resources */,
			);
			buildRules = (
			);
			dependencies = (
				A2E286D22D5CFDB200FCFEEB /* PBXTargetDependency */,
			);
			fileSystemSynchronizedGroups = (
				A2E286D32D5CFDB200FCFEEB /* Student_management_systemUITests */,
			);
			name = Student_management_systemUITests;
			packageProductDependencies = (
			);
			productName = Student_management_systemUITests;
			productReference = A2E286D02D5CFDB200FCFEEB /* Student_management_systemUITests.xctest */;
			productType = "com.apple.product-type.bundle.ui-testing";
		};
/* End PBXNativeTarget section */

/* Begin PBXProject section */
		A2E286AE2D5CFDB000FCFEEB /* Project object */ = {
			isa = PBXProject;
			attributes = {
				BuildIndependentTargetsInParallel = 1;
				LastSwiftUpdateCheck = 1610;
				LastUpgradeCheck = 1610;
				TargetAttributes = {
					A2E286B52D5CFDB000FCFEEB = {
						CreatedOnToolsVersion = 16.1;
					};
					A2E286C52D5CFDB200FCFEEB = {
						CreatedOnToolsVersion = 16.1;
						TestTargetID = A2E286B52D5CFDB000FCFEEB;
					};
					A2E286CF2D5CFDB200FCFEEB = {
						CreatedOnToolsVersion = 16.1;
						TestTargetID = A2E286B52D5CFDB000FCFEEB;
					};
				};
			};
			buildConfigurationList = A2E286B12D5CFDB000FCFEEB /* Build configuration list for PBXProject "Student_management_system" */;
			developmentRegion = en;
			hasScannedForEncodings = 0;
			knownRegions = (
				en,
				Base,
			);
			mainGroup = A2E286AD2D5CFDB000FCFEEB;
			minimizedProjectReferenceProxies = 1;
			preferredProjectObjectVersion = 77;
			productRefGroup = A2E286B72D5CFDB000FCFEEB /* Products */;
			projectDirPath = "";
			projectRoot = "";
			targets = (
				A2E286B52D5CFDB000FCFEEB /* Student_management_system */,
				A2E286C52D5CFDB200FCFEEB /* Student_management_systemTests */,
				A2E286CF2D5CFDB200FCFEEB /* Student_management_systemUITests */,
			);
		};
/* End PBXProject section */

/* Begin PBXResourcesBuildPhase section */
		A2E286B42D5CFDB000FCFEEB /* Resources */ = {
			isa = PBXResourcesBuildPhase;
			buildActionMask = 2147483647;
			files = (
			);
			runOnlyForDeploymentPostprocessing = 0;
		};
		A2E286C42D5CFDB200FCFEEB /* Resources */ = {
			isa = PBXResourcesBuildPhase;
			buildActionMask = 2147483647;
			files = (
			);
			runOnlyForDeploymentPostprocessing = 0;
		};
		A2E286CE2D5CFDB200FCFEEB /* Resources */ = {
			isa = PBXResourcesBuildPhase;
			buildActionMask = 2147483647;
			files = (
			);
			runOnlyForDeploymentPostprocessing = 0;
		};
/* End PBXResourcesBuildPhase section */

/* Begin PBXSourcesBuildPhase section */
		A2E286B22D5CFDB000FCFEEB /* Sources */ = {
			isa = PBXSourcesBuildPhase;
			buildActionMask = 2147483647;
			files = (
			);
			runOnlyForDeploymentPostprocessing = 0;
		};
		A2E286C22D5CFDB200FCFEEB /* Sources */ = {
			isa = PBXSourcesBuildPhase;
			buildActionMask = 2147483647;
			files = (
			);
			runOnlyForDeploymentPostprocessing = 0;
		};
		A2E286CC2D5CFDB200FCFEEB /* Sources */ = {
			isa = PBXSourcesBuildPhase;
			buildActionMask = 2147483647;
			files = (
			);
			runOnlyForDeploymentPostprocessing = 0;
		};
/* End PBXSourcesBuildPhase section */

/* Begin PBXTargetDependency section */
		A2E286C82D5CFDB200FCFEEB /* PBXTargetDependency */ = {
			isa = PBXTargetDependency;
			target = A2E286B52D5CFDB000FCFEEB /* Student_management_system */;
			targetProxy = A2E286C72D5CFDB200FCFEEB /* PBXContainerItemProxy */;
		};
		A2E286D22D5CFDB200FCFEEB /* PBXTargetDependency */ = {
			isa = PBXTargetDependency;
			target = A2E286B52D5CFDB000FCFEEB /* Student_management_system */;
			targetProxy = A2E286D12D5CFDB200FCFEEB /* PBXContainerItemProxy */;
		};
/* End PBXTargetDependency section */

/* Begin XCBuildConfiguration section */
		A2E286D82D5CFDB200FCFEEB /* Debug */ = {
			isa = XCBuildConfiguration;
			buildSettings = {
				ALWAYS_SEARCH_USER_PATHS = NO;
				ASSETCATALOG_COMPILER_GENERATE_SWIFT_ASSET_SYMBOL_EXTENSIONS = YES;
				CLANG_ANALYZER_NONNULL = YES;
				CLANG_ANALYZER_NUMBER_OBJECT_CONVERSION = YES_AGGRESSIVE;
				CLANG_CXX_LANGUAGE_STANDARD = "gnu++20";
				CLANG_ENABLE_MODULES = YES;
				CLANG_ENABLE_OBJC_ARC = YES;
				CLANG_ENABLE_OBJC_WEAK = YES;
				CLANG_WARN_BLOCK_CAPTURE_AUTORELEASING = YES;
				CLANG_WARN_BOOL_CONVERSION = YES;
				CLANG_WARN_COMMA = YES;
				CLANG_WARN_CONSTANT_CONVERSION = YES;
				CLANG_WARN_DEPRECATED_OBJC_IMPLEMENTATIONS = YES;
				CLANG_WARN_DIRECT_OBJC_ISA_USAGE = YES_ERROR;
				CLANG_WARN_DOCUMENTATION_COMMENTS = YES;
				CLANG_WARN_EMPTY_BODY = YES;
				CLANG_WARN_ENUM_CONVERSION = YES;
				CLANG_WARN_INFINITE_RECURSION = YES;
				CLANG_WARN_INT_CONVERSION = YES;
				CLANG_WARN_NON_LITERAL_NULL_CONVERSION = YES;
				CLANG_WARN_OBJC_IMPLICIT_RETAIN_SELF = YES;
				CLANG_WARN_OBJC_LITERAL_CONVERSION = YES;
				CLANG_WARN_OBJC_ROOT_CLASS = YES_ERROR;
				CLANG_WARN_QUOTED_INCLUDE_IN_FRAMEWORK_HEADER = YES;
				CLANG_WARN_RANGE_LOOP_ANALYSIS = YES;
				CLANG_WARN_STRICT_PROTOTYPES = YES;
				CLANG_WARN_SUSPICIOUS_MOVE = YES;
				CLANG_WARN_UNGUARDED_AVAILABILITY = YES_AGGRESSIVE;
				CLANG_WARN_UNREACHABLE_CODE = YES;
				CLANG_WARN__DUPLICATE_METHOD_MATCH = YES;
				COPY_PHASE_STRIP = NO;
				DEBUG_INFORMATION_FORMAT = dwarf;
				ENABLE_STRICT_OBJC_MSGSEND = YES;
				ENABLE_TESTABILITY = YES;
				ENABLE_USER_SCRIPT_SANDBOXING = YES;
				GCC_C_LANGUAGE_STANDARD = gnu17;
				GCC_DYNAMIC_NO_PIC = NO;
				GCC_NO_COMMON_BLOCKS = YES;
				GCC_OPTIMIZATION_LEVEL = 0;
				GCC_PREPROCESSOR_DEFINITIONS = (
					"DEBUG=1",
					"$(inherited)",
				);
				GCC_WARN_64_TO_32_BIT_CONVERSION = YES;
				GCC_WARN_ABOUT_RETURN_TYPE = YES_ERROR;
				GCC_WARN_UNDECLARED_SELECTOR = YES;
				GCC_WARN_UNINITIALIZED_AUTOS = YES_AGGRESSIVE;
				GCC_WARN_UNUSED_FUNCTION = YES;
				GCC_WARN_UNUSED_VARIABLE = YES;
				IPHONEOS_DEPLOYMENT_TARGET = 18.1;
				LOCALIZATION_PREFERS_STRING_CATALOGS = YES;
				MTL_ENABLE_DEBUG_INFO = INCLUDE_SOURCE;
				MTL_FAST_MATH = YES;
				ONLY_ACTIVE_ARCH = YES;
				SDKROOT = iphoneos;
				SWIFT_ACTIVE_COMPILATION_CONDITIONS = "DEBUG $(inherited)";
				SWIFT_OPTIMIZATION_LEVEL = "-Onone";
			};
			name = Debug;
		};
		A2E286D92D5CFDB200FCFEEB /* Release */ = {
			isa = XCBuildConfiguration;
			buildSettings = {
				ALWAYS_SEARCH_USER_PATHS = NO;
				ASSETCATALOG_COMPILER_GENERATE_SWIFT_ASSET_SYMBOL_EXTENSIONS = YES;
				CLANG_ANALYZER_NONNULL = YES;
				CLANG_ANALYZER_NUMBER_OBJECT_CONVERSION = YES_AGGRESSIVE;
				CLANG_CXX_LANGUAGE_STANDARD = "gnu++20";
				CLANG_ENABLE_MODULES = YES;
				CLANG_ENABLE_OBJC_ARC = YES;
				CLANG_ENABLE_OBJC_WEAK = YES;
				CLANG_WARN_BLOCK_CAPTURE_AUTORELEASING = YES;
				CLANG_WARN_BOOL_CONVERSION = YES;
				CLANG_WARN_COMMA = YES;
				CLANG_WARN_CONSTANT_CONVERSION = YES;
				CLANG_WARN_DEPRECATED_OBJC_IMPLEMENTATIONS = YES;
				CLANG_WARN_DIRECT_OBJC_ISA_USAGE = YES_ERROR;
				CLANG_WARN_DOCUMENTATION_COMMENTS = YES;
				CLANG_WARN_EMPTY_BODY = YES;
				CLANG_WARN_ENUM_CONVERSION = YES;
				CLANG_WARN_INFINITE_RECURSION = YES;
				CLANG_WARN_INT_CONVERSION = YES;
				CLANG_WARN_NON_LITERAL_NULL_CONVERSION = YES;
				CLANG_WARN_OBJC_IMPLICIT_RETAIN_SELF = YES;
				CLANG_WARN_OBJC_LITERAL_CONVERSION = YES;
				CLANG_WARN_OBJC_ROOT_CLASS = YES_ERROR;
				CLANG_WARN_QUOTED_INCLUDE_IN_FRAMEWORK_HEADER = YES;
				CLANG_WARN_RANGE_LOOP_ANALYSIS = YES;
				CLANG_WARN_STRICT_PROTOTYPES = YES;
				CLANG_WARN_SUSPICIOUS_MOVE = YES;
				CLANG_WARN_UNGUARDED_AVAILABILITY = YES_AGGRESSIVE;
				CLANG_WARN_UNREACHABLE_CODE = YES;
				CLANG_WARN__DUPLICATE_METHOD_MATCH = YES;
				COPY_PHASE_STRIP = NO;
				DEBUG_INFORMATION_FORMAT = "dwarf-with-dsym";
				ENABLE_NS_ASSERTIONS = NO;
				ENABLE_STRICT_OBJC_MSGSEND = YES;
				ENABLE_USER_SCRIPT_SANDBOXING = YES;
				GCC_C_LANGUAGE_STANDARD = gnu17;
				GCC_NO_COMMON_BLOCKS = YES;
				GCC_WARN_64_TO_32_BIT_CONVERSION = YES;
				GCC_WARN_ABOUT_RETURN_TYPE = YES_ERROR;
				GCC_WARN_UNDECLARED_SELECTOR = YES;
				GCC_WARN_UNINITIALIZED_AUTOS = YES_AGGRESSIVE;
				GCC_WARN_UNUSED_FUNCTION = YES;
				GCC_WARN_UNUSED_VARIABLE = YES;
				IPHONEOS_DEPLOYMENT_TARGET = 18.1;
				LOCALIZATION_PREFERS_STRING_CATALOGS = YES;
				MTL_ENABLE_DEBUG_INFO = NO;
				MTL_FAST_MATH = YES;
				SDKROOT = iphoneos;
				SWIFT_COMPILATION_MODE = wholemodule;
				VALIDATE_PRODUCT = YES;
			};
			name = Release;
		};
		A2E286DB2D5CFDB200FCFEEB /* Debug */ = {
			isa = XCBuildConfiguration;
			buildSettings = {
				ASSETCATALOG_COMPILER_APPICON_NAME = AppIcon;
				ASSETCATALOG_COMPILER_GLOBAL_ACCENT_COLOR_NAME = AccentColor;
				CODE_SIGN_STYLE = Automatic;
				CURRENT_PROJECT_VERSION = 1;
				DEVELOPMENT_ASSET_PATHS = "\"Student_management_system/Preview Content\"";
				ENABLE_PREVIEWS = YES;
				GENERATE_INFOPLIST_FILE = YES;
				INFOPLIST_KEY_UIApplicationSceneManifest_Generation = YES;
				INFOPLIST_KEY_UIApplicationSupportsIndirectInputEvents = YES;
				INFOPLIST_KEY_UILaunchScreen_Generation = YES;
				INFOPLIST_KEY_UISupportedInterfaceOrientations_iPad = "UIInterfaceOrientationPortrait UIInterfaceOrientationPortraitUpsideDown UIInterfaceOrientationLandscapeLeft UIInterfaceOrientationLandscapeRight";
				INFOPLIST_KEY_UISupportedInterfaceOrientations_iPhone = "UIInterfaceOrientationPortrait UIInterfaceOrientationLandscapeLeft UIInterfaceOrientationLandscapeRight";
				LD_RUNPATH_SEARCH_PATHS = (
					"$(inherited)",
					"@executable_path/Frameworks",
				);
				MARKETING_VERSION = 1.0;
				PRODUCT_BUNDLE_IDENTIFIER = "Ritesh.Student-management-system";
				PRODUCT_NAME = "$(TARGET_NAME)";
				SWIFT_EMIT_LOC_STRINGS = YES;
				SWIFT_VERSION = 5.0;
				TARGETED_DEVICE_FAMILY = "1,2";
			};
			name = Debug;
		};
		A2E286DC2D5CFDB200FCFEEB /* Release */ = {
			isa = XCBuildConfiguration;
			buildSettings = {
				ASSETCATALOG_COMPILER_APPICON_NAME = AppIcon;
				ASSETCATALOG_COMPILER_GLOBAL_ACCENT_COLOR_NAME = AccentColor;
				CODE_SIGN_STYLE = Automatic;
				CURRENT_PROJECT_VERSION = 1;
				DEVELOPMENT_ASSET_PATHS = "\"Student_management_system/Preview Content\"";
				ENABLE_PREVIEWS = YES;
				GENERATE_INFOPLIST_FILE = YES;
				INFOPLIST_KEY_UIApplicationSceneManifest_Generation = YES;
				INFOPLIST_KEY_UIApplicationSupportsIndirectInputEvents = YES;
				INFOPLIST_KEY_UILaunchScreen_Generation = YES;
				INFOPLIST_KEY_UISupportedInterfaceOrientations_iPad = "UIInterfaceOrientationPortrait UIInterfaceOrientationPortraitUpsideDown UIInterfaceOrientationLandscapeLeft UIInterfaceOrientationLandscapeRight";
				INFOPLIST_KEY_UISupportedInterfaceOrientations_iPhone = "UIInterfaceOrientationPortrait UIInterfaceOrientationLandscapeLeft UIInterfaceOrientationLandscapeRight";
				LD_RUNPATH_SEARCH_PATHS = (
					"$(inherited)",
					"@executable_path/Frameworks",
				);
				MARKETING_VERSION = 1.0;
				PRODUCT_BUNDLE_IDENTIFIER = "Ritesh.Student-management-system";
				PRODUCT_NAME = "$(TARGET_NAME)";
				SWIFT_EMIT_LOC_STRINGS = YES;
				SWIFT_VERSION = 5.0;
				TARGETED_DEVICE_FAMILY = "1,2";
			};
			name = Release;
		};
		A2E286DE2D5CFDB200FCFEEB /* Debug */ = {
			isa = XCBuildConfiguration;
			buildSettings = {
				BUNDLE_LOADER = "$(TEST_HOST)";
				CODE_SIGN_STYLE = Automatic;
				CURRENT_PROJECT_VERSION = 1;
				GENERATE_INFOPLIST_FILE = YES;
				IPHONEOS_DEPLOYMENT_TARGET = 18.1;
				MARKETING_VERSION = 1.0;
				PRODUCT_BUNDLE_IDENTIFIER = "Ritesh.Student-management-systemTests";
				PRODUCT_NAME = "$(TARGET_NAME)";
				SWIFT_EMIT_LOC_STRINGS = NO;
				SWIFT_VERSION = 5.0;
				TARGETED_DEVICE_FAMILY = "1,2";
				TEST_HOST = "$(BUILT_PRODUCTS_DIR)/Student_management_system.app/$(BUNDLE_EXECUTABLE_FOLDER_PATH)/Student_management_system";
			};
			name = Debug;
		};
		A2E286DF2D5CFDB200FCFEEB /* Release */ = {
			isa = XCBuildConfiguration;
			buildSettings = {
				BUNDLE_LOADER = "$(TEST_HOST)";
				CODE_SIGN_STYLE = Automatic;
				CURRENT_PROJECT_VERSION = 1;
				GENERATE_INFOPLIST_FILE = YES;
				IPHONEOS_DEPLOYMENT_TARGET = 18.1;
				MARKETING_VERSION = 1.0;
				PRODUCT_BUNDLE_IDENTIFIER = "Ritesh.Student-management-systemTests";
				PRODUCT_NAME = "$(TARGET_NAME)";
				SWIFT_EMIT_LOC_STRINGS = NO;
				SWIFT_VERSION = 5.0;
				TARGETED_DEVICE_FAMILY = "1,2";
				TEST_HOST = "$(BUILT_PRODUCTS_DIR)/Student_management_system.app/$(BUNDLE_EXECUTABLE_FOLDER_PATH)/Student_management_system";
			};
			name = Release;
		};
		A2E286E12D5CFDB200FCFEEB /* Debug */ = {
			isa = XCBuildConfiguration;
			buildSettings = {
				CODE_SIGN_STYLE = Automatic;
				CURRENT_PROJECT_VERSION = 1;
				GENERATE_INFOPLIST_FILE = YES;
				MARKETING_VERSION = 1.0;
				PRODUCT_BUNDLE_IDENTIFIER = "Ritesh.Student-management-systemUITests";
				PRODUCT_NAME = "$(TARGET_NAME)";
				SWIFT_EMIT_LOC_STRINGS = NO;
				SWIFT_VERSION = 5.0;
				TARGETED_DEVICE_FAMILY = "1,2";
				TEST_TARGET_NAME = Student_management_system;
			};
			name = Debug;
		};
		A2E286E22D5CFDB200FCFEEB /* Release */ = {
			isa = XCBuildConfiguration;
			buildSettings = {
				CODE_SIGN_STYLE = Automatic;
				CURRENT_PROJECT_VERSION = 1;
				GENERATE_INFOPLIST_FILE = YES;
				MARKETING_VERSION = 1.0;
				PRODUCT_BUNDLE_IDENTIFIER = "Ritesh.Student-management-systemUITests";
				PRODUCT_NAME = "$(TARGET_NAME)";
				SWIFT_EMIT_LOC_STRINGS = NO;
				SWIFT_VERSION = 5.0;
				TARGETED_DEVICE_FAMILY = "1,2";
				TEST_TARGET_NAME = Student_management_system;
			};
			name = Release;
		};
/* End XCBuildConfiguration section */

/* Begin XCConfigurationList section */
		A2E286B12D5CFDB000FCFEEB /* Build configuration list for PBXProject "Student_management_system" */ = {
			isa = XCConfigurationList;
			buildConfigurations = (
				A2E286D82D5CFDB200FCFEEB /* Debug */,
				A2E286D92D5CFDB200FCFEEB /* Release */,
			);
			defaultConfigurationIsVisible = 0;
			defaultConfigurationName = Release;
		};
		A2E286DA2D5CFDB200FCFEEB /* Build configuration list for PBXNativeTarget "Student_management_system" */ = {
			isa = XCConfigurationList;
			buildConfigurations = (
				A2E286DB2D5CFDB200FCFEEB /* Debug */,
				A2E286DC2D5CFDB200FCFEEB /* Release */,
			);
			defaultConfigurationIsVisible = 0;
			defaultConfigurationName = Release;
		};
		A2E286DD2D5CFDB200FCFEEB /* Build configuration list for PBXNativeTarget "Student_management_systemTests" */ = {
			isa = XCConfigurationList;
			buildConfigurations = (
				A2E286DE2D5CFDB200FCFEEB /* Debug */,
				A2E286DF2D5CFDB200FCFEEB /* Release */,
			);
			defaultConfigurationIsVisible = 0;
			defaultConfigurationName = Release;
		};
		A2E286E02D5CFDB200FCFEEB /* Build configuration list for PBXNativeTarget "Student_management_systemUITests" */ = {
			isa = XCConfigurationList;
			buildConfigurations = (
				A2E286E12D5CFDB200FCFEEB /* Debug */,
				A2E286E22D5CFDB200FCFEEB /* Release */,
			);
			defaultConfigurationIsVisible = 0;
			defaultConfigurationName = Release;
		};
/* End XCConfigurationList section */
	};
	rootObject = A2E286AE2D5CFDB000FCFEEB /* Project object */;
}
